// !$*UTF8*$!
{
	archiveVersion = 1;
	classes = {
	};
	objectVersion = 50;
	objects = {

/* Begin PBXBuildFile section */
		A90CB3A52750EF9A00F0DDB4 /* AppDelegate.swift in Sources */ = {isa = PBXBuildFile; fileRef = A90CB3A42750EF9A00F0DDB4 /* AppDelegate.swift */; };
		A90CB3A72750EF9A00F0DDB4 /* SceneDelegate.swift in Sources */ = {isa = PBXBuildFile; fileRef = A90CB3A62750EF9A00F0DDB4 /* SceneDelegate.swift */; };
		A90CB3A92750EF9A00F0DDB4 /* ContentView.swift in Sources */ = {isa = PBXBuildFile; fileRef = A90CB3A82750EF9A00F0DDB4 /* ContentView.swift */; };
		A90CB3AB2750EF9B00F0DDB4 /* Assets.xcassets in Resources */ = {isa = PBXBuildFile; fileRef = A90CB3AA2750EF9B00F0DDB4 /* Assets.xcassets */; };
		A90CB3AE2750EF9B00F0DDB4 /* Preview Assets.xcassets in Resources */ = {isa = PBXBuildFile; fileRef = A90CB3AD2750EF9B00F0DDB4 /* Preview Assets.xcassets */; };
		A90CB3B12750EF9B00F0DDB4 /* LaunchScreen.storyboard in Resources */ = {isa = PBXBuildFile; fileRef = A90CB3AF2750EF9B00F0DDB4 /* LaunchScreen.storyboard */; };
		A94E48EB2757891E00D288DF /* Maksimir Walk, Zagreb.gpx in Resources */ = {isa = PBXBuildFile; fileRef = A94E48EA2757891E00D288DF /* Maksimir Walk, Zagreb.gpx */; };
		A94E48EF27578C7D00D288DF /* Speed Maksimir Walk, Zagreb.gpx in Resources */ = {isa = PBXBuildFile; fileRef = A94E48EE27578C7D00D288DF /* Speed Maksimir Walk, Zagreb.gpx */; };
		A94E48F52758BDD300D288DF /* RequestLocationView.swift in Sources */ = {isa = PBXBuildFile; fileRef = A94E48F42758BDD300D288DF /* RequestLocationView.swift */; };
		A94E48F72758BE3F00D288DF /* WalkingView.swift in Sources */ = {isa = PBXBuildFile; fileRef = A94E48F62758BE3F00D288DF /* WalkingView.swift */; };
		A94E48F92758BE6F00D288DF /* ErrorLocationView.swift in Sources */ = {isa = PBXBuildFile; fileRef = A94E48F82758BE6F00D288DF /* ErrorLocationView.swift */; };
		A94E48FB2758C48000D288DF /* Color.swift in Sources */ = {isa = PBXBuildFile; fileRef = A94E48FA2758C48000D288DF /* Color.swift */; };
		A94E48FD2758C5EC00D288DF /* Image.swift in Sources */ = {isa = PBXBuildFile; fileRef = A94E48FC2758C5EC00D288DF /* Image.swift */; };
		A94E48FF2758C7DE00D288DF /* Button.swift in Sources */ = {isa = PBXBuildFile; fileRef = A94E48FE2758C7DE00D288DF /* Button.swift */; };
		A94E49032758F87E00D288DF /* ImageView.swift in Sources */ = {isa = PBXBuildFile; fileRef = A94E49022758F87E00D288DF /* ImageView.swift */; };
		A94E49052758F8F800D288DF /* ImageLoaderViewModel.swift in Sources */ = {isa = PBXBuildFile; fileRef = A94E49042758F8F800D288DF /* ImageLoaderViewModel.swift */; };
		A94E490727590D8B00D288DF /* ImageCache.swift in Sources */ = {isa = PBXBuildFile; fileRef = A94E490627590D8B00D288DF /* ImageCache.swift */; };
		A94E490C275A156F00D288DF /* ContentViewModel.swift in Sources */ = {isa = PBXBuildFile; fileRef = A94E490B275A156F00D288DF /* ContentViewModel.swift */; };
		A94E490E275A40A000D288DF /* LocationManager.swift in Sources */ = {isa = PBXBuildFile; fileRef = A94E490D275A40A000D288DF /* LocationManager.swift */; };
		A979B8BD2754D8AF0032D070 /* NetworkManager.swift in Sources */ = {isa = PBXBuildFile; fileRef = A979B8BC2754D8AF0032D070 /* NetworkManager.swift */; };
		A979B8C22754E9760032D070 /* NetworkOperation.swift in Sources */ = {isa = PBXBuildFile; fileRef = A979B8C12754E9760032D070 /* NetworkOperation.swift */; };
		A979B8C42754E9800032D070 /* NetworkRequest.swift in Sources */ = {isa = PBXBuildFile; fileRef = A979B8C32754E9800032D070 /* NetworkRequest.swift */; };
		A979B8C62754E98D0032D070 /* NetworkSession.swift in Sources */ = {isa = PBXBuildFile; fileRef = A979B8C52754E98D0032D070 /* NetworkSession.swift */; };
		A979B8C82754EE560032D070 /* NetworkError.swift in Sources */ = {isa = PBXBuildFile; fileRef = A979B8C72754EE560032D070 /* NetworkError.swift */; };
		A979B8CB2754F4820032D070 /* FlickrAPIRequest.swift in Sources */ = {isa = PBXBuildFile; fileRef = A979B8CA2754F4820032D070 /* FlickrAPIRequest.swift */; };
		A979B8CD2754F4A00032D070 /* FlickrAPIManager.swift in Sources */ = {isa = PBXBuildFile; fileRef = A979B8CC2754F4A00032D070 /* FlickrAPIManager.swift */; };
		A979B8CF2754FBD00032D070 /* SearchRequest.swift in Sources */ = {isa = PBXBuildFile; fileRef = A979B8CE2754FBD00032D070 /* SearchRequest.swift */; };
		A979B8D2275512460032D070 /* Codable.swift in Sources */ = {isa = PBXBuildFile; fileRef = A979B8D1275512460032D070 /* Codable.swift */; };
		A979B8D4275513660032D070 /* SearchResponse.swift in Sources */ = {isa = PBXBuildFile; fileRef = A979B8D3275513660032D070 /* SearchResponse.swift */; };
		A979B8DD27559B2A0032D070 /* ImageRequest.swift in Sources */ = {isa = PBXBuildFile; fileRef = A979B8DC27559B2A0032D070 /* ImageRequest.swift */; };
		A98C2414275F50BE009BE860 /* SearchRequestTests.swift in Sources */ = {isa = PBXBuildFile; fileRef = A98C2413275F50BE009BE860 /* SearchRequestTests.swift */; };
		A98C2416275F5B99009BE860 /* ImageRequestTests.swift in Sources */ = {isa = PBXBuildFile; fileRef = A98C2415275F5B99009BE860 /* ImageRequestTests.swift */; };
		A98C2418275F5D72009BE860 /* SearchResponseTests.swift in Sources */ = {isa = PBXBuildFile; fileRef = A98C2417275F5D72009BE860 /* SearchResponseTests.swift */; };
		A98C241A275F68DE009BE860 /* MockNetworkManager.swift in Sources */ = {isa = PBXBuildFile; fileRef = A98C2419275F68DE009BE860 /* MockNetworkManager.swift */; };
		A98C241D275F6CEA009BE860 /* NetworkRequestTests.swift in Sources */ = {isa = PBXBuildFile; fileRef = A98C241C275F6CEA009BE860 /* NetworkRequestTests.swift */; };
		A98C241F275F7834009BE860 /* MockNetworkRequest.swift in Sources */ = {isa = PBXBuildFile; fileRef = A98C241E275F7834009BE860 /* MockNetworkRequest.swift */; };
		A98C2421275F8008009BE860 /* NetworkSessionTests.swift in Sources */ = {isa = PBXBuildFile; fileRef = A98C2420275F8008009BE860 /* NetworkSessionTests.swift */; };
		A98C2423275F8018009BE860 /* NetworkErrorTests.swift in Sources */ = {isa = PBXBuildFile; fileRef = A98C2422275F8018009BE860 /* NetworkErrorTests.swift */; };
		A98E4847275E19C200BD533D /* ImageLoaderViewModelTests.swift in Sources */ = {isa = PBXBuildFile; fileRef = A98E4846275E19C200BD533D /* ImageLoaderViewModelTests.swift */; };
		A98E4849275E66ED00BD533D /* FlickrAPIManagerTests.swift in Sources */ = {isa = PBXBuildFile; fileRef = A98E4848275E66ED00BD533D /* FlickrAPIManagerTests.swift */; };
		A98E484B275E670800BD533D /* FlickrAPIRequestTests.swift in Sources */ = {isa = PBXBuildFile; fileRef = A98E484A275E670800BD533D /* FlickrAPIRequestTests.swift */; };
		A9F23451275A6D4F00825C22 /* ContentViewModelTests.swift in Sources */ = {isa = PBXBuildFile; fileRef = A9F23450275A6D4F00825C22 /* ContentViewModelTests.swift */; };
		A9F23453275A6DF000825C22 /* MockFlickrAPIManager.swift in Sources */ = {isa = PBXBuildFile; fileRef = A9F23452275A6DF000825C22 /* MockFlickrAPIManager.swift */; };
		A9F23455275A6F5900825C22 /* MockEntities.swift in Sources */ = {isa = PBXBuildFile; fileRef = A9F23454275A6F5900825C22 /* MockEntities.swift */; };
/* End PBXBuildFile section */

/* Begin PBXContainerItemProxy section */
		A9F23448275A6C5200825C22 /* PBXContainerItemProxy */ = {
			isa = PBXContainerItemProxy;
			containerPortal = A90CB3992750EF9A00F0DDB4 /* Project object */;
			proxyType = 1;
			remoteGlobalIDString = A90CB3A02750EF9A00F0DDB4;
			remoteInfo = FlickrWalker;
		};
/* End PBXContainerItemProxy section */

/* Begin PBXFileReference section */
		A90CB3A12750EF9A00F0DDB4 /* FlickrWalker.app */ = {isa = PBXFileReference; explicitFileType = wrapper.application; includeInIndex = 0; path = FlickrWalker.app; sourceTree = BUILT_PRODUCTS_DIR; };
		A90CB3A42750EF9A00F0DDB4 /* AppDelegate.swift */ = {isa = PBXFileReference; lastKnownFileType = sourcecode.swift; path = AppDelegate.swift; sourceTree = "<group>"; };
		A90CB3A62750EF9A00F0DDB4 /* SceneDelegate.swift */ = {isa = PBXFileReference; lastKnownFileType = sourcecode.swift; path = SceneDelegate.swift; sourceTree = "<group>"; };
		A90CB3A82750EF9A00F0DDB4 /* ContentView.swift */ = {isa = PBXFileReference; lastKnownFileType = sourcecode.swift; path = ContentView.swift; sourceTree = "<group>"; };
		A90CB3AA2750EF9B00F0DDB4 /* Assets.xcassets */ = {isa = PBXFileReference; lastKnownFileType = folder.assetcatalog; path = Assets.xcassets; sourceTree = "<group>"; };
		A90CB3AD2750EF9B00F0DDB4 /* Preview Assets.xcassets */ = {isa = PBXFileReference; lastKnownFileType = folder.assetcatalog; path = "Preview Assets.xcassets"; sourceTree = "<group>"; };
		A90CB3B02750EF9B00F0DDB4 /* Base */ = {isa = PBXFileReference; lastKnownFileType = file.storyboard; name = Base; path = Base.lproj/LaunchScreen.storyboard; sourceTree = "<group>"; };
		A90CB3B22750EF9B00F0DDB4 /* Info.plist */ = {isa = PBXFileReference; lastKnownFileType = text.plist.xml; path = Info.plist; sourceTree = "<group>"; };
		A94E48EA2757891E00D288DF /* Maksimir Walk, Zagreb.gpx */ = {isa = PBXFileReference; fileEncoding = 4; lastKnownFileType = text.xml; path = "Maksimir Walk, Zagreb.gpx"; sourceTree = "<group>"; };
		A94E48EE27578C7D00D288DF /* Speed Maksimir Walk, Zagreb.gpx */ = {isa = PBXFileReference; fileEncoding = 4; lastKnownFileType = text.xml; path = "Speed Maksimir Walk, Zagreb.gpx"; sourceTree = "<group>"; };
		A94E48F42758BDD300D288DF /* RequestLocationView.swift */ = {isa = PBXFileReference; lastKnownFileType = sourcecode.swift; path = RequestLocationView.swift; sourceTree = "<group>"; };
		A94E48F62758BE3F00D288DF /* WalkingView.swift */ = {isa = PBXFileReference; lastKnownFileType = sourcecode.swift; path = WalkingView.swift; sourceTree = "<group>"; };
		A94E48F82758BE6F00D288DF /* ErrorLocationView.swift */ = {isa = PBXFileReference; lastKnownFileType = sourcecode.swift; path = ErrorLocationView.swift; sourceTree = "<group>"; };
		A94E48FA2758C48000D288DF /* Color.swift */ = {isa = PBXFileReference; lastKnownFileType = sourcecode.swift; path = Color.swift; sourceTree = "<group>"; };
		A94E48FC2758C5EC00D288DF /* Image.swift */ = {isa = PBXFileReference; lastKnownFileType = sourcecode.swift; path = Image.swift; sourceTree = "<group>"; };
		A94E48FE2758C7DE00D288DF /* Button.swift */ = {isa = PBXFileReference; lastKnownFileType = sourcecode.swift; path = Button.swift; sourceTree = "<group>"; };
		A94E49022758F87E00D288DF /* ImageView.swift */ = {isa = PBXFileReference; lastKnownFileType = sourcecode.swift; path = ImageView.swift; sourceTree = "<group>"; };
		A94E49042758F8F800D288DF /* ImageLoaderViewModel.swift */ = {isa = PBXFileReference; lastKnownFileType = sourcecode.swift; path = ImageLoaderViewModel.swift; sourceTree = "<group>"; };
		A94E490627590D8B00D288DF /* ImageCache.swift */ = {isa = PBXFileReference; lastKnownFileType = sourcecode.swift; path = ImageCache.swift; sourceTree = "<group>"; };
		A94E490B275A156F00D288DF /* ContentViewModel.swift */ = {isa = PBXFileReference; lastKnownFileType = sourcecode.swift; path = ContentViewModel.swift; sourceTree = "<group>"; };
		A94E490D275A40A000D288DF /* LocationManager.swift */ = {isa = PBXFileReference; lastKnownFileType = sourcecode.swift; path = LocationManager.swift; sourceTree = "<group>"; };
		A979B8BC2754D8AF0032D070 /* NetworkManager.swift */ = {isa = PBXFileReference; lastKnownFileType = sourcecode.swift; path = NetworkManager.swift; sourceTree = "<group>"; };
		A979B8C12754E9760032D070 /* NetworkOperation.swift */ = {isa = PBXFileReference; lastKnownFileType = sourcecode.swift; path = NetworkOperation.swift; sourceTree = "<group>"; };
		A979B8C32754E9800032D070 /* NetworkRequest.swift */ = {isa = PBXFileReference; lastKnownFileType = sourcecode.swift; path = NetworkRequest.swift; sourceTree = "<group>"; };
		A979B8C52754E98D0032D070 /* NetworkSession.swift */ = {isa = PBXFileReference; lastKnownFileType = sourcecode.swift; path = NetworkSession.swift; sourceTree = "<group>"; };
		A979B8C72754EE560032D070 /* NetworkError.swift */ = {isa = PBXFileReference; lastKnownFileType = sourcecode.swift; path = NetworkError.swift; sourceTree = "<group>"; };
		A979B8CA2754F4820032D070 /* FlickrAPIRequest.swift */ = {isa = PBXFileReference; lastKnownFileType = sourcecode.swift; path = FlickrAPIRequest.swift; sourceTree = "<group>"; };
		A979B8CC2754F4A00032D070 /* FlickrAPIManager.swift */ = {isa = PBXFileReference; lastKnownFileType = sourcecode.swift; path = FlickrAPIManager.swift; sourceTree = "<group>"; };
		A979B8CE2754FBD00032D070 /* SearchRequest.swift */ = {isa = PBXFileReference; lastKnownFileType = sourcecode.swift; path = SearchRequest.swift; sourceTree = "<group>"; };
		A979B8D1275512460032D070 /* Codable.swift */ = {isa = PBXFileReference; lastKnownFileType = sourcecode.swift; path = Codable.swift; sourceTree = "<group>"; };
		A979B8D3275513660032D070 /* SearchResponse.swift */ = {isa = PBXFileReference; lastKnownFileType = sourcecode.swift; path = SearchResponse.swift; sourceTree = "<group>"; };
		A979B8DC27559B2A0032D070 /* ImageRequest.swift */ = {isa = PBXFileReference; lastKnownFileType = sourcecode.swift; path = ImageRequest.swift; sourceTree = "<group>"; };
		A98C2413275F50BE009BE860 /* SearchRequestTests.swift */ = {isa = PBXFileReference; lastKnownFileType = sourcecode.swift; path = SearchRequestTests.swift; sourceTree = "<group>"; };
		A98C2415275F5B99009BE860 /* ImageRequestTests.swift */ = {isa = PBXFileReference; lastKnownFileType = sourcecode.swift; path = ImageRequestTests.swift; sourceTree = "<group>"; };
		A98C2417275F5D72009BE860 /* SearchResponseTests.swift */ = {isa = PBXFileReference; lastKnownFileType = sourcecode.swift; path = SearchResponseTests.swift; sourceTree = "<group>"; };
		A98C2419275F68DE009BE860 /* MockNetworkManager.swift */ = {isa = PBXFileReference; lastKnownFileType = sourcecode.swift; path = MockNetworkManager.swift; sourceTree = "<group>"; };
		A98C241C275F6CEA009BE860 /* NetworkRequestTests.swift */ = {isa = PBXFileReference; lastKnownFileType = sourcecode.swift; path = NetworkRequestTests.swift; sourceTree = "<group>"; };
		A98C241E275F7834009BE860 /* MockNetworkRequest.swift */ = {isa = PBXFileReference; lastKnownFileType = sourcecode.swift; path = MockNetworkRequest.swift; sourceTree = "<group>"; };
		A98C2420275F8008009BE860 /* NetworkSessionTests.swift */ = {isa = PBXFileReference; lastKnownFileType = sourcecode.swift; path = NetworkSessionTests.swift; sourceTree = "<group>"; };
		A98C2422275F8018009BE860 /* NetworkErrorTests.swift */ = {isa = PBXFileReference; lastKnownFileType = sourcecode.swift; path = NetworkErrorTests.swift; sourceTree = "<group>"; };
		A98E4846275E19C200BD533D /* ImageLoaderViewModelTests.swift */ = {isa = PBXFileReference; lastKnownFileType = sourcecode.swift; path = ImageLoaderViewModelTests.swift; sourceTree = "<group>"; };
		A98E4848275E66ED00BD533D /* FlickrAPIManagerTests.swift */ = {isa = PBXFileReference; lastKnownFileType = sourcecode.swift; path = FlickrAPIManagerTests.swift; sourceTree = "<group>"; };
		A98E484A275E670800BD533D /* FlickrAPIRequestTests.swift */ = {isa = PBXFileReference; lastKnownFileType = sourcecode.swift; path = FlickrAPIRequestTests.swift; sourceTree = "<group>"; };
		A9F23443275A6C5200825C22 /* FlickrWalkerTests.xctest */ = {isa = PBXFileReference; explicitFileType = wrapper.cfbundle; includeInIndex = 0; path = FlickrWalkerTests.xctest; sourceTree = BUILT_PRODUCTS_DIR; };
		A9F23447275A6C5200825C22 /* Info.plist */ = {isa = PBXFileReference; lastKnownFileType = text.plist.xml; path = Info.plist; sourceTree = "<group>"; };
		A9F23450275A6D4F00825C22 /* ContentViewModelTests.swift */ = {isa = PBXFileReference; lastKnownFileType = sourcecode.swift; path = ContentViewModelTests.swift; sourceTree = "<group>"; };
		A9F23452275A6DF000825C22 /* MockFlickrAPIManager.swift */ = {isa = PBXFileReference; lastKnownFileType = sourcecode.swift; path = MockFlickrAPIManager.swift; sourceTree = "<group>"; };
		A9F23454275A6F5900825C22 /* MockEntities.swift */ = {isa = PBXFileReference; lastKnownFileType = sourcecode.swift; path = MockEntities.swift; sourceTree = "<group>"; };
/* End PBXFileReference section */

/* Begin PBXFrameworksBuildPhase section */
		A90CB39E2750EF9A00F0DDB4 /* Frameworks */ = {
			isa = PBXFrameworksBuildPhase;
			buildActionMask = 2147483647;
			files = (
			);
			runOnlyForDeploymentPostprocessing = 0;
		};
		A9F23440275A6C5200825C22 /* Frameworks */ = {
			isa = PBXFrameworksBuildPhase;
			buildActionMask = 2147483647;
			files = (
			);
			runOnlyForDeploymentPostprocessing = 0;
		};
/* End PBXFrameworksBuildPhase section */

/* Begin PBXGroup section */
		A90CB3982750EF9A00F0DDB4 = {
			isa = PBXGroup;
			children = (
				A90CB3A32750EF9A00F0DDB4 /* FlickrWalker */,
				A9F23444275A6C5200825C22 /* FlickrWalkerTests */,
				A90CB3A22750EF9A00F0DDB4 /* Products */,
			);
			sourceTree = "<group>";
		};
		A90CB3A22750EF9A00F0DDB4 /* Products */ = {
			isa = PBXGroup;
			children = (
				A90CB3A12750EF9A00F0DDB4 /* FlickrWalker.app */,
				A9F23443275A6C5200825C22 /* FlickrWalkerTests.xctest */,
			);
			name = Products;
			sourceTree = "<group>";
		};
		A90CB3A32750EF9A00F0DDB4 /* FlickrWalker */ = {
			isa = PBXGroup;
			children = (
				A90CB3A42750EF9A00F0DDB4 /* AppDelegate.swift */,
				A90CB3A62750EF9A00F0DDB4 /* SceneDelegate.swift */,
				A94E48F02758BD9200D288DF /* Views */,
				A94E48F12758BD9A00D288DF /* ViewModels */,
				A979B8D9275514B00032D070 /* Entities */,
				A979B8C92754F4600032D070 /* API */,
				A979B8C02754E9550032D070 /* Network */,
				A979B8D02755123C0032D070 /* Extensions */,
				A94E490F275A54B800D288DF /* Utilities */,
				A90CB3AA2750EF9B00F0DDB4 /* Assets.xcassets */,
				A90CB3AF2750EF9B00F0DDB4 /* LaunchScreen.storyboard */,
				A90CB3B22750EF9B00F0DDB4 /* Info.plist */,
				A94E48EA2757891E00D288DF /* Maksimir Walk, Zagreb.gpx */,
				A94E48EE27578C7D00D288DF /* Speed Maksimir Walk, Zagreb.gpx */,
				A90CB3AC2750EF9B00F0DDB4 /* Preview Content */,
			);
			path = FlickrWalker;
			sourceTree = "<group>";
		};
		A90CB3AC2750EF9B00F0DDB4 /* Preview Content */ = {
			isa = PBXGroup;
			children = (
				A90CB3AD2750EF9B00F0DDB4 /* Preview Assets.xcassets */,
			);
			path = "Preview Content";
			sourceTree = "<group>";
		};
		A94E48F02758BD9200D288DF /* Views */ = {
			isa = PBXGroup;
			children = (
				A90CB3A82750EF9A00F0DDB4 /* ContentView.swift */,
				A94E48F62758BE3F00D288DF /* WalkingView.swift */,
				A94E48F42758BDD300D288DF /* RequestLocationView.swift */,
				A94E48F82758BE6F00D288DF /* ErrorLocationView.swift */,
				A94E49022758F87E00D288DF /* ImageView.swift */,
			);
			path = Views;
			sourceTree = "<group>";
		};
		A94E48F12758BD9A00D288DF /* ViewModels */ = {
			isa = PBXGroup;
			children = (
				A94E490B275A156F00D288DF /* ContentViewModel.swift */,
				A94E49042758F8F800D288DF /* ImageLoaderViewModel.swift */,
			);
			path = ViewModels;
			sourceTree = "<group>";
		};
		A94E490F275A54B800D288DF /* Utilities */ = {
			isa = PBXGroup;
			children = (
				A94E490D275A40A000D288DF /* LocationManager.swift */,
				A94E490627590D8B00D288DF /* ImageCache.swift */,
			);
			path = Utilities;
			sourceTree = "<group>";
		};
		A979B8C02754E9550032D070 /* Network */ = {
			isa = PBXGroup;
			children = (
				A979B8BC2754D8AF0032D070 /* NetworkManager.swift */,
				A979B8C12754E9760032D070 /* NetworkOperation.swift */,
				A979B8C52754E98D0032D070 /* NetworkSession.swift */,
				A979B8C32754E9800032D070 /* NetworkRequest.swift */,
				A979B8C72754EE560032D070 /* NetworkError.swift */,
			);
			path = Network;
			sourceTree = "<group>";
		};
		A979B8C92754F4600032D070 /* API */ = {
			isa = PBXGroup;
			children = (
				A979B8CA2754F4820032D070 /* FlickrAPIRequest.swift */,
				A979B8CC2754F4A00032D070 /* FlickrAPIManager.swift */,
			);
			path = API;
			sourceTree = "<group>";
		};
		A979B8D02755123C0032D070 /* Extensions */ = {
			isa = PBXGroup;
			children = (
				A979B8D1275512460032D070 /* Codable.swift */,
				A94E48FA2758C48000D288DF /* Color.swift */,
				A94E48FC2758C5EC00D288DF /* Image.swift */,
				A94E48FE2758C7DE00D288DF /* Button.swift */,
			);
			path = Extensions;
			sourceTree = "<group>";
		};
		A979B8D9275514B00032D070 /* Entities */ = {
			isa = PBXGroup;
			children = (
				A979B8CE2754FBD00032D070 /* SearchRequest.swift */,
				A979B8D3275513660032D070 /* SearchResponse.swift */,
				A979B8DC27559B2A0032D070 /* ImageRequest.swift */,
			);
			path = Entities;
			sourceTree = "<group>";
		};
		A98C2412275F5000009BE860 /* Entities */ = {
			isa = PBXGroup;
			children = (
				A98C2413275F50BE009BE860 /* SearchRequestTests.swift */,
				A98C2417275F5D72009BE860 /* SearchResponseTests.swift */,
				A98C2415275F5B99009BE860 /* ImageRequestTests.swift */,
			);
			path = Entities;
			sourceTree = "<group>";
		};
		A98C241B275F6CD0009BE860 /* Network */ = {
			isa = PBXGroup;
			children = (
				A98C2420275F8008009BE860 /* NetworkSessionTests.swift */,
				A98C241C275F6CEA009BE860 /* NetworkRequestTests.swift */,
				A98C2422275F8018009BE860 /* NetworkErrorTests.swift */,
			);
			path = Network;
			sourceTree = "<group>";
		};
		A9F23444275A6C5200825C22 /* FlickrWalkerTests */ = {
			isa = PBXGroup;
			children = (
				A9F2344F275A6C8400825C22 /* Mocks */,
				A9F2344D275A6C6A00825C22 /* ViewModels */,
				A98C2412275F5000009BE860 /* Entities */,
				A9F2344E275A6C7800825C22 /* API */,
				A98C241B275F6CD0009BE860 /* Network */,
				A9F23447275A6C5200825C22 /* Info.plist */,
			);
			path = FlickrWalkerTests;
			sourceTree = "<group>";
		};
		A9F2344D275A6C6A00825C22 /* ViewModels */ = {
			isa = PBXGroup;
			children = (
				A9F23450275A6D4F00825C22 /* ContentViewModelTests.swift */,
				A98E4846275E19C200BD533D /* ImageLoaderViewModelTests.swift */,
			);
			path = ViewModels;
			sourceTree = "<group>";
		};
		A9F2344E275A6C7800825C22 /* API */ = {
			isa = PBXGroup;
			children = (
				A98E484A275E670800BD533D /* FlickrAPIRequestTests.swift */,
				A98E4848275E66ED00BD533D /* FlickrAPIManagerTests.swift */,
			);
			path = API;
			sourceTree = "<group>";
		};
		A9F2344F275A6C8400825C22 /* Mocks */ = {
			isa = PBXGroup;
			children = (
				A9F23454275A6F5900825C22 /* MockEntities.swift */,
				A9F23452275A6DF000825C22 /* MockFlickrAPIManager.swift */,
				A98C2419275F68DE009BE860 /* MockNetworkManager.swift */,
				A98C241E275F7834009BE860 /* MockNetworkRequest.swift */,
			);
			path = Mocks;
			sourceTree = "<group>";
		};
/* End PBXGroup section */

/* Begin PBXNativeTarget section */
		A90CB3A02750EF9A00F0DDB4 /* FlickrWalker */ = {
			isa = PBXNativeTarget;
			buildConfigurationList = A90CB3B52750EF9B00F0DDB4 /* Build configuration list for PBXNativeTarget "FlickrWalker" */;
			buildPhases = (
				A90CB39D2750EF9A00F0DDB4 /* Sources */,
				A90CB39E2750EF9A00F0DDB4 /* Frameworks */,
				A90CB39F2750EF9A00F0DDB4 /* Resources */,
			);
			buildRules = (
			);
			dependencies = (
			);
			name = FlickrWalker;
			productName = FlickrWalker;
			productReference = A90CB3A12750EF9A00F0DDB4 /* FlickrWalker.app */;
			productType = "com.apple.product-type.application";
		};
		A9F23442275A6C5200825C22 /* FlickrWalkerTests */ = {
			isa = PBXNativeTarget;
			buildConfigurationList = A9F2344C275A6C5200825C22 /* Build configuration list for PBXNativeTarget "FlickrWalkerTests" */;
			buildPhases = (
				A9F2343F275A6C5200825C22 /* Sources */,
				A9F23440275A6C5200825C22 /* Frameworks */,
				A9F23441275A6C5200825C22 /* Resources */,
			);
			buildRules = (
			);
			dependencies = (
				A9F23449275A6C5200825C22 /* PBXTargetDependency */,
			);
			name = FlickrWalkerTests;
			productName = FlickrWalkerTests;
			productReference = A9F23443275A6C5200825C22 /* FlickrWalkerTests.xctest */;
			productType = "com.apple.product-type.bundle.unit-test";
		};
/* End PBXNativeTarget section */

/* Begin PBXProject section */
		A90CB3992750EF9A00F0DDB4 /* Project object */ = {
			isa = PBXProject;
			attributes = {
				LastSwiftUpdateCheck = 1250;
				LastUpgradeCheck = 1250;
				TargetAttributes = {
					A90CB3A02750EF9A00F0DDB4 = {
						CreatedOnToolsVersion = 12.5.1;
					};
					A9F23442275A6C5200825C22 = {
						CreatedOnToolsVersion = 12.5.1;
						TestTargetID = A90CB3A02750EF9A00F0DDB4;
					};
				};
			};
			buildConfigurationList = A90CB39C2750EF9A00F0DDB4 /* Build configuration list for PBXProject "FlickrWalker" */;
			compatibilityVersion = "Xcode 9.3";
			developmentRegion = en;
			hasScannedForEncodings = 0;
			knownRegions = (
				en,
				Base,
			);
			mainGroup = A90CB3982750EF9A00F0DDB4;
			productRefGroup = A90CB3A22750EF9A00F0DDB4 /* Products */;
			projectDirPath = "";
			projectRoot = "";
			targets = (
				A90CB3A02750EF9A00F0DDB4 /* FlickrWalker */,
				A9F23442275A6C5200825C22 /* FlickrWalkerTests */,
			);
		};
/* End PBXProject section */

/* Begin PBXResourcesBuildPhase section */
		A90CB39F2750EF9A00F0DDB4 /* Resources */ = {
			isa = PBXResourcesBuildPhase;
			buildActionMask = 2147483647;
			files = (
				A90CB3B12750EF9B00F0DDB4 /* LaunchScreen.storyboard in Resources */,
				A94E48EB2757891E00D288DF /* Maksimir Walk, Zagreb.gpx in Resources */,
				A90CB3AE2750EF9B00F0DDB4 /* Preview Assets.xcassets in Resources */,
				A90CB3AB2750EF9B00F0DDB4 /* Assets.xcassets in Resources */,
				A94E48EF27578C7D00D288DF /* Speed Maksimir Walk, Zagreb.gpx in Resources */,
			);
			runOnlyForDeploymentPostprocessing = 0;
		};
		A9F23441275A6C5200825C22 /* Resources */ = {
			isa = PBXResourcesBuildPhase;
			buildActionMask = 2147483647;
			files = (
			);
			runOnlyForDeploymentPostprocessing = 0;
		};
/* End PBXResourcesBuildPhase section */

/* Begin PBXSourcesBuildPhase section */
		A90CB39D2750EF9A00F0DDB4 /* Sources */ = {
			isa = PBXSourcesBuildPhase;
			buildActionMask = 2147483647;
			files = (
				A979B8D4275513660032D070 /* SearchResponse.swift in Sources */,
				A94E48FF2758C7DE00D288DF /* Button.swift in Sources */,
				A979B8C42754E9800032D070 /* NetworkRequest.swift in Sources */,
				A94E48FB2758C48000D288DF /* Color.swift in Sources */,
				A979B8CF2754FBD00032D070 /* SearchRequest.swift in Sources */,
				A94E490C275A156F00D288DF /* ContentViewModel.swift in Sources */,
				A94E49032758F87E00D288DF /* ImageView.swift in Sources */,
				A94E48F72758BE3F00D288DF /* WalkingView.swift in Sources */,
				A94E48F52758BDD300D288DF /* RequestLocationView.swift in Sources */,
				A979B8BD2754D8AF0032D070 /* NetworkManager.swift in Sources */,
				A979B8DD27559B2A0032D070 /* ImageRequest.swift in Sources */,
				A90CB3A52750EF9A00F0DDB4 /* AppDelegate.swift in Sources */,
				A94E49052758F8F800D288DF /* ImageLoaderViewModel.swift in Sources */,
				A90CB3A72750EF9A00F0DDB4 /* SceneDelegate.swift in Sources */,
				A94E490727590D8B00D288DF /* ImageCache.swift in Sources */,
				A94E48F92758BE6F00D288DF /* ErrorLocationView.swift in Sources */,
				A979B8C62754E98D0032D070 /* NetworkSession.swift in Sources */,
				A979B8C82754EE560032D070 /* NetworkError.swift in Sources */,
				A979B8C22754E9760032D070 /* NetworkOperation.swift in Sources */,
				A979B8D2275512460032D070 /* Codable.swift in Sources */,
				A90CB3A92750EF9A00F0DDB4 /* ContentView.swift in Sources */,
				A94E490E275A40A000D288DF /* LocationManager.swift in Sources */,
				A979B8CD2754F4A00032D070 /* FlickrAPIManager.swift in Sources */,
				A94E48FD2758C5EC00D288DF /* Image.swift in Sources */,
				A979B8CB2754F4820032D070 /* FlickrAPIRequest.swift in Sources */,
			);
			runOnlyForDeploymentPostprocessing = 0;
		};
		A9F2343F275A6C5200825C22 /* Sources */ = {
			isa = PBXSourcesBuildPhase;
			buildActionMask = 2147483647;
			files = (
				A98C241F275F7834009BE860 /* MockNetworkRequest.swift in Sources */,
				A98C2423275F8018009BE860 /* NetworkErrorTests.swift in Sources */,
				A98C2418275F5D72009BE860 /* SearchResponseTests.swift in Sources */,
				A98E4847275E19C200BD533D /* ImageLoaderViewModelTests.swift in Sources */,
				A98C2416275F5B99009BE860 /* ImageRequestTests.swift in Sources */,
				A98E4849275E66ED00BD533D /* FlickrAPIManagerTests.swift in Sources */,
				A98C241A275F68DE009BE860 /* MockNetworkManager.swift in Sources */,
				A9F23455275A6F5900825C22 /* MockEntities.swift in Sources */,
				A9F23453275A6DF000825C22 /* MockFlickrAPIManager.swift in Sources */,
				A9F23451275A6D4F00825C22 /* ContentViewModelTests.swift in Sources */,
				A98C2421275F8008009BE860 /* NetworkSessionTests.swift in Sources */,
				A98E484B275E670800BD533D /* FlickrAPIRequestTests.swift in Sources */,
				A98C241D275F6CEA009BE860 /* NetworkRequestTests.swift in Sources */,
				A98C2414275F50BE009BE860 /* SearchRequestTests.swift in Sources */,
			);
			runOnlyForDeploymentPostprocessing = 0;
		};
/* End PBXSourcesBuildPhase section */

/* Begin PBXTargetDependency section */
		A9F23449275A6C5200825C22 /* PBXTargetDependency */ = {
			isa = PBXTargetDependency;
			target = A90CB3A02750EF9A00F0DDB4 /* FlickrWalker */;
			targetProxy = A9F23448275A6C5200825C22 /* PBXContainerItemProxy */;
		};
/* End PBXTargetDependency section */

/* Begin PBXVariantGroup section */
		A90CB3AF2750EF9B00F0DDB4 /* LaunchScreen.storyboard */ = {
			isa = PBXVariantGroup;
			children = (
				A90CB3B02750EF9B00F0DDB4 /* Base */,
			);
			name = LaunchScreen.storyboard;
			sourceTree = "<group>";
		};
/* End PBXVariantGroup section */

/* Begin XCBuildConfiguration section */
		A90CB3B32750EF9B00F0DDB4 /* Debug */ = {
			isa = XCBuildConfiguration;
			buildSettings = {
				ALWAYS_SEARCH_USER_PATHS = NO;
				CLANG_ANALYZER_NONNULL = YES;
				CLANG_ANALYZER_NUMBER_OBJECT_CONVERSION = YES_AGGRESSIVE;
				CLANG_CXX_LANGUAGE_STANDARD = "gnu++14";
				CLANG_CXX_LIBRARY = "libc++";
				CLANG_ENABLE_MODULES = YES;
				CLANG_ENABLE_OBJC_ARC = YES;
				CLANG_ENABLE_OBJC_WEAK = YES;
				CLANG_WARN_BLOCK_CAPTURE_AUTORELEASING = YES;
				CLANG_WARN_BOOL_CONVERSION = YES;
				CLANG_WARN_COMMA = YES;
				CLANG_WARN_CONSTANT_CONVERSION = YES;
				CLANG_WARN_DEPRECATED_OBJC_IMPLEMENTATIONS = YES;
				CLANG_WARN_DIRECT_OBJC_ISA_USAGE = YES_ERROR;
				CLANG_WARN_DOCUMENTATION_COMMENTS = YES;
				CLANG_WARN_EMPTY_BODY = YES;
				CLANG_WARN_ENUM_CONVERSION = YES;
				CLANG_WARN_INFINITE_RECURSION = YES;
				CLANG_WARN_INT_CONVERSION = YES;
				CLANG_WARN_NON_LITERAL_NULL_CONVERSION = YES;
				CLANG_WARN_OBJC_IMPLICIT_RETAIN_SELF = YES;
				CLANG_WARN_OBJC_LITERAL_CONVERSION = YES;
				CLANG_WARN_OBJC_ROOT_CLASS = YES_ERROR;
				CLANG_WARN_QUOTED_INCLUDE_IN_FRAMEWORK_HEADER = YES;
				CLANG_WARN_RANGE_LOOP_ANALYSIS = YES;
				CLANG_WARN_STRICT_PROTOTYPES = YES;
				CLANG_WARN_SUSPICIOUS_MOVE = YES;
				CLANG_WARN_UNGUARDED_AVAILABILITY = YES_AGGRESSIVE;
				CLANG_WARN_UNREACHABLE_CODE = YES;
				CLANG_WARN__DUPLICATE_METHOD_MATCH = YES;
				COPY_PHASE_STRIP = NO;
				DEBUG_INFORMATION_FORMAT = dwarf;
				ENABLE_STRICT_OBJC_MSGSEND = YES;
				ENABLE_TESTABILITY = YES;
				GCC_C_LANGUAGE_STANDARD = gnu11;
				GCC_DYNAMIC_NO_PIC = NO;
				GCC_NO_COMMON_BLOCKS = YES;
				GCC_OPTIMIZATION_LEVEL = 0;
				GCC_PREPROCESSOR_DEFINITIONS = (
					"DEBUG=1",
					"$(inherited)",
				);
				GCC_WARN_64_TO_32_BIT_CONVERSION = YES;
				GCC_WARN_ABOUT_RETURN_TYPE = YES_ERROR;
				GCC_WARN_UNDECLARED_SELECTOR = YES;
				GCC_WARN_UNINITIALIZED_AUTOS = YES_AGGRESSIVE;
				GCC_WARN_UNUSED_FUNCTION = YES;
				GCC_WARN_UNUSED_VARIABLE = YES;
				IPHONEOS_DEPLOYMENT_TARGET = 14.5;
				MTL_ENABLE_DEBUG_INFO = INCLUDE_SOURCE;
				MTL_FAST_MATH = YES;
				ONLY_ACTIVE_ARCH = YES;
				SDKROOT = iphoneos;
				SWIFT_ACTIVE_COMPILATION_CONDITIONS = DEBUG;
				SWIFT_OPTIMIZATION_LEVEL = "-Onone";
				SWIFT_VERSION = 5.0;
			};
			name = Debug;
		};
		A90CB3B42750EF9B00F0DDB4 /* Release */ = {
			isa = XCBuildConfiguration;
			buildSettings = {
				ALWAYS_SEARCH_USER_PATHS = NO;
				CLANG_ANALYZER_NONNULL = YES;
				CLANG_ANALYZER_NUMBER_OBJECT_CONVERSION = YES_AGGRESSIVE;
				CLANG_CXX_LANGUAGE_STANDARD = "gnu++14";
				CLANG_CXX_LIBRARY = "libc++";
				CLANG_ENABLE_MODULES = YES;
				CLANG_ENABLE_OBJC_ARC = YES;
				CLANG_ENABLE_OBJC_WEAK = YES;
				CLANG_WARN_BLOCK_CAPTURE_AUTORELEASING = YES;
				CLANG_WARN_BOOL_CONVERSION = YES;
				CLANG_WARN_COMMA = YES;
				CLANG_WARN_CONSTANT_CONVERSION = YES;
				CLANG_WARN_DEPRECATED_OBJC_IMPLEMENTATIONS = YES;
				CLANG_WARN_DIRECT_OBJC_ISA_USAGE = YES_ERROR;
				CLANG_WARN_DOCUMENTATION_COMMENTS = YES;
				CLANG_WARN_EMPTY_BODY = YES;
				CLANG_WARN_ENUM_CONVERSION = YES;
				CLANG_WARN_INFINITE_RECURSION = YES;
				CLANG_WARN_INT_CONVERSION = YES;
				CLANG_WARN_NON_LITERAL_NULL_CONVERSION = YES;
				CLANG_WARN_OBJC_IMPLICIT_RETAIN_SELF = YES;
				CLANG_WARN_OBJC_LITERAL_CONVERSION = YES;
				CLANG_WARN_OBJC_ROOT_CLASS = YES_ERROR;
				CLANG_WARN_QUOTED_INCLUDE_IN_FRAMEWORK_HEADER = YES;
				CLANG_WARN_RANGE_LOOP_ANALYSIS = YES;
				CLANG_WARN_STRICT_PROTOTYPES = YES;
				CLANG_WARN_SUSPICIOUS_MOVE = YES;
				CLANG_WARN_UNGUARDED_AVAILABILITY = YES_AGGRESSIVE;
				CLANG_WARN_UNREACHABLE_CODE = YES;
				CLANG_WARN__DUPLICATE_METHOD_MATCH = YES;
				COPY_PHASE_STRIP = NO;
				DEBUG_INFORMATION_FORMAT = "dwarf-with-dsym";
				ENABLE_NS_ASSERTIONS = NO;
				ENABLE_STRICT_OBJC_MSGSEND = YES;
				GCC_C_LANGUAGE_STANDARD = gnu11;
				GCC_NO_COMMON_BLOCKS = YES;
				GCC_WARN_64_TO_32_BIT_CONVERSION = YES;
				GCC_WARN_ABOUT_RETURN_TYPE = YES_ERROR;
				GCC_WARN_UNDECLARED_SELECTOR = YES;
				GCC_WARN_UNINITIALIZED_AUTOS = YES_AGGRESSIVE;
				GCC_WARN_UNUSED_FUNCTION = YES;
				GCC_WARN_UNUSED_VARIABLE = YES;
				IPHONEOS_DEPLOYMENT_TARGET = 14.5;
				MTL_ENABLE_DEBUG_INFO = NO;
				MTL_FAST_MATH = YES;
				SDKROOT = iphoneos;
				SWIFT_COMPILATION_MODE = wholemodule;
				SWIFT_OPTIMIZATION_LEVEL = "-O";
				SWIFT_VERSION = 5.0;
				VALIDATE_PRODUCT = YES;
			};
			name = Release;
		};
		A90CB3B62750EF9B00F0DDB4 /* Debug */ = {
			isa = XCBuildConfiguration;
			buildSettings = {
				ASSETCATALOG_COMPILER_APPICON_NAME = AppIcon;
				ASSETCATALOG_COMPILER_GLOBAL_ACCENT_COLOR_NAME = AccentColor;
				CODE_SIGN_STYLE = Automatic;
				DEVELOPMENT_ASSET_PATHS = "\"FlickrWalker/Preview Content\"";
				DEVELOPMENT_TEAM = EVVDW95JPN;
				ENABLE_PREVIEWS = YES;
				INFOPLIST_FILE = FlickrWalker/Info.plist;
				LD_RUNPATH_SEARCH_PATHS = (
					"$(inherited)",
					"@executable_path/Frameworks",
				);
				PRODUCT_BUNDLE_IDENTIFIER = com.antoniozdelican.FlickrWalker;
				PRODUCT_NAME = "$(TARGET_NAME)";
				SWIFT_VERSION = 5.0;
				TARGETED_DEVICE_FAMILY = 1;
			};
			name = Debug;
		};
		A90CB3B72750EF9B00F0DDB4 /* Release */ = {
			isa = XCBuildConfiguration;
			buildSettings = {
				ASSETCATALOG_COMPILER_APPICON_NAME = AppIcon;
				ASSETCATALOG_COMPILER_GLOBAL_ACCENT_COLOR_NAME = AccentColor;
				CODE_SIGN_STYLE = Automatic;
				DEVELOPMENT_ASSET_PATHS = "\"FlickrWalker/Preview Content\"";
				DEVELOPMENT_TEAM = EVVDW95JPN;
				ENABLE_PREVIEWS = YES;
				INFOPLIST_FILE = FlickrWalker/Info.plist;
				LD_RUNPATH_SEARCH_PATHS = (
					"$(inherited)",
					"@executable_path/Frameworks",
				);
				PRODUCT_BUNDLE_IDENTIFIER = com.antoniozdelican.FlickrWalker;
				PRODUCT_NAME = "$(TARGET_NAME)";
				SWIFT_VERSION = 5.0;
				TARGETED_DEVICE_FAMILY = 1;
			};
			name = Release;
		};
		A9F2344A275A6C5200825C22 /* Debug */ = {
			isa = XCBuildConfiguration;
			buildSettings = {
				BUNDLE_LOADER = "$(TEST_HOST)";
				CODE_SIGN_STYLE = Automatic;
				DEVELOPMENT_TEAM = EVVDW95JPN;
				INFOPLIST_FILE = FlickrWalkerTests/Info.plist;
				LD_RUNPATH_SEARCH_PATHS = (
					"$(inherited)",
					"@executable_path/Frameworks",
					"@loader_path/Frameworks",
				);
				PRODUCT_BUNDLE_IDENTIFIER = com.antoniozdelican.FlickrWalkerTests;
				PRODUCT_NAME = "$(TARGET_NAME)";
				SWIFT_VERSION = 5.0;
				TARGETED_DEVICE_FAMILY = "1,2";
				TEST_HOST = "$(BUILT_PRODUCTS_DIR)/FlickrWalker.app/FlickrWalker";
			};
			name = Debug;
		};
		A9F2344B275A6C5200825C22 /* Release */ = {
			isa = XCBuildConfiguration;
			buildSettings = {
				BUNDLE_LOADER = "$(TEST_HOST)";
				CODE_SIGN_STYLE = Automatic;
				DEVELOPMENT_TEAM = EVVDW95JPN;
				INFOPLIST_FILE = FlickrWalkerTests/Info.plist;
				LD_RUNPATH_SEARCH_PATHS = (
					"$(inherited)",
					"@executable_path/Frameworks",
					"@loader_path/Frameworks",
				);
				PRODUCT_BUNDLE_IDENTIFIER = com.antoniozdelican.FlickrWalkerTests;
				PRODUCT_NAME = "$(TARGET_NAME)";
				SWIFT_VERSION = 5.0;
				TARGETED_DEVICE_FAMILY = "1,2";
				TEST_HOST = "$(BUILT_PRODUCTS_DIR)/FlickrWalker.app/FlickrWalker";
			};
			name = Release;
		};
/* End XCBuildConfiguration section */

/* Begin XCConfigurationList section */
		A90CB39C2750EF9A00F0DDB4 /* Build configuration list for PBXProject "FlickrWalker" */ = {
			isa = XCConfigurationList;
			buildConfigurations = (
				A90CB3B32750EF9B00F0DDB4 /* Debug */,
				A90CB3B42750EF9B00F0DDB4 /* Release */,
			);
			defaultConfigurationIsVisible = 0;
			defaultConfigurationName = Release;
		};
		A90CB3B52750EF9B00F0DDB4 /* Build configuration list for PBXNativeTarget "FlickrWalker" */ = {
			isa = XCConfigurationList;
			buildConfigurations = (
				A90CB3B62750EF9B00F0DDB4 /* Debug */,
				A90CB3B72750EF9B00F0DDB4 /* Release */,
			);
			defaultConfigurationIsVisible = 0;
			defaultConfigurationName = Release;
		};
		A9F2344C275A6C5200825C22 /* Build configuration list for PBXNativeTarget "FlickrWalkerTests" */ = {
			isa = XCConfigurationList;
			buildConfigurations = (
				A9F2344A275A6C5200825C22 /* Debug */,
				A9F2344B275A6C5200825C22 /* Release */,
			);
			defaultConfigurationIsVisible = 0;
			defaultConfigurationName = Release;
		};
/* End XCConfigurationList section */
	};
	rootObject = A90CB3992750EF9A00F0DDB4 /* Project object */;
}
